{
    "_meta": {
        "hash": {
            "sha256": "366111d681947520f6ba4a182166bc4799e473617cd3eecedd3465b813bc3ffa"
        },
        "pipfile-spec": 6,
        "requires": {
            "python_version": "3.6"
        },
        "sources": [
            {
                "name": "pypi",
                "url": "https://pypi.org/simple",
                "verify_ssl": true
            }
        ]
    },
    "default": {
        "asgi-redis": {
            "hashes": [
                "sha256:03103fb7eeb31476dfcaae63d589cbdfb128001e49b836b79a842f787a2c1699",
                "sha256:adf3a7a5998bdf7fc3f840e9fb9eb6cfa3d8c9ccc077d3855660bd6aadeabfdd"
            ],
            "index": "pypi",
            "version": "==1.0.0"
        },
        "asgiref": {
            "hashes": [
                "sha256:e688711135ffbde7f8157ed314198c972b171d4a01dfe874eec8c92334d6e67c",
                "sha256:fb251d65f15e95f14e706592480f6aad4c4dba6b48b9f8ad12b5b13cdd0f1397"
            ],
            "index": "pypi",
            "version": "==1.1.0"
        },
        "async-timeout": {
            "hashes": [
                "sha256:474d4bc64cee20603e225eb1ece15e248962958b45a3648a9f5cc29e827a610c",
                "sha256:b3c0ddc416736619bd4a95ca31de8da6920c3b9a140c64dbef2b2fa7bf521287"
            ],
            "index": "pypi",
            "version": "==3.0.0"
        },
        "attrs": {
            "hashes": [
                "sha256:4b90b09eeeb9b88c35bc642cbac057e45a5fd85367b985bd2809c62b7b939265",
                "sha256:e0d0eb91441a3b53dab4d9b743eafc1ac44476296a2053b6ca3af0b139faf87b"
            ],
            "version": "==18.1.0"
        },
        "autobahn": {
            "hashes": [
                "sha256:7fc6aafaccab44cbe5ef904cd18e9cbc8a8c4ae0451c3d1499eebd50f8922cac",
                "sha256:f027887715628d82ba83af218eb0483ed70cc1e9a277df318be3b5346f2c115c"
            ],
            "version": "==18.5.1"
        },
        "automat": {
            "hashes": [
                "sha256:2140297df155f7990f6f4c73b2ab0583bd8150db9ed2a1b48122abe66e9908c1",
                "sha256:3c1fd04ecf08ac87b4dd3feae409542e9bf7827257097b2b6ed5692f69d6f6a8"
            ],
            "version": "==0.6.0"
        },
        "channels": {
            "hashes": [
                "sha256:52ea5277123516c702f29d2f3e620057c4f60577161a9fb38194cb02c3e5f95d",
                "sha256:cddd848178f5e104ad42def56edf43f4be4052b612d156a5c5e11ec19cc594af"
            ],
            "index": "pypi",
            "version": "==1.0.3"
        },
        "constantly": {
            "hashes": [
                "sha256:586372eb92059873e29eba4f9dec8381541b4d3834660707faf8ba59146dfc35",
                "sha256:dd2fa9d6b1a51a83f0d7dd76293d734046aa176e384bf6e33b7e44880eb37c5d"
            ],
            "version": "==15.1.0"
        },
        "daphne": {
            "hashes": [
                "sha256:29e9177c0dec24a8fba334b194e5f2429def0b5d9a03373fb688b87bd32aeed9",
                "sha256:d124bb6b63c45ee7fa7fae3a966055dd16fe17336edaa7254588871ac495b5f6"
            ],
            "index": "pypi",
            "version": "==1.3.0"
        },
        "django": {
            "hashes": [
                "sha256:0db89374b691b9c8b057632a6cd64b18d08db2f4d63b4d4af6024267ab965f8b",
                "sha256:4541a60834f28f308ee7b6e96400feca905fb0de473eb9dad6847e98a36d86d4"
            ],
            "index": "pypi",
            "version": "==1.10.5"
        },
        "hyperlink": {
            "hashes": [
                "sha256:98da4218a56b448c7ec7d2655cb339af1f7d751cf541469bb4fc28c4a4245b34",
                "sha256:f01b4ff744f14bc5d0a22a6b9f1525ab7d6312cb0ff967f59414bbac52f0a306"
            ],
            "version": "==18.0.0"
        },
        "idna": {
            "hashes": [
                "sha256:2c6a5de3089009e3da7c5dde64a141dbc8551d5b7f6cf4ed7c2568d0cc520a8f",
                "sha256:8c7309c718f94b3a625cb648ace320157ad16ff131ae0af362c9f21b80ef6ec4"
            ],
            "version": "==2.6"
        },
        "incremental": {
            "hashes": [
                "sha256:717e12246dddf231a349175f48d74d93e2897244939173b01974ab6661406b9f",
                "sha256:7b751696aaf36eebfab537e458929e194460051ccad279c72b755a167eebd4b3"
            ],
            "version": "==17.5.0"
        },
        "msgpack-python": {
            "hashes": [
                "sha256:378cc8a6d3545b532dfd149da715abae4fda2a3adb6d74e525d0d5e51f46909b"
            ],
            "version": "==0.5.6"
        },
        "nltk": {
            "hashes": [
                "sha256:fe0eda251be65843be86d7de9abfbf7161732256f742e623b21243ec47bdb718"
            ],
            "index": "pypi",
            "version": "==3.3.0"
        },
        "pywin32": {
            "hashes": [
                "sha256:0df9b008caef10af0d674c483316c28dcf78391332d9d5d380fab667ebf2d7d1",
                "sha256:249391eb924b8376826e6f84d143d1dcc0e400b238b511d5fbd3811f6ed9ad50",
                "sha256:42f48567e36b787901ff3da20de5a134cd9880cc90832e2aad60951f058699f0",
                "sha256:9eff897796c9d76a213134257a01b6f8a122c55e0772847fba313a8091f3ec44",
                "sha256:c7ea0deabcc324e5b74084b5452003109c592d1aedbe9e9289ed55b26d9b0c7f",
                "sha256:da422d4067d98b49fbb19d851900a5fc38c61eab0ee803574c27c42309173ebe",
                "sha256:f0f0e7c82ee334dd6e888b9b5beb05fd8947355fa7a15644c810bb4ea0079ca6",
                "sha256:fb3c85907918fd01a72ee146d323d220771dee151c0cfa5630c2f35797ffb116"
            ],
            "index": "pypi",
            "version": "==223"
        },
        "redis": {
            "hashes": [
                "sha256:8a1900a9f2a0a44ecf6e8b5eb3e967a9909dfed219ad66df094f27f7d6f330fb",
                "sha256:a22ca993cea2962dbb588f9f30d0015ac4afcc45bee27d3978c0dbe9e97c6c0f"
            ],
            "version": "==2.10.6"
        },
        "six": {
            "hashes": [
                "sha256:70e8a77beed4562e7f14fe23a786b54f6296e34344c23bc42f07b15018ff98e9",
                "sha256:832dc0e10feb1aa2c68dcc57dbb658f1c7e65b9b61af69048abc87a2db00a0eb"
            ],
            "version": "==1.11.0"
        },
        "twisted": {
            "hashes": [
                "sha256:3ad1e553c7b66a501abbcf7736620210cc58928730d3e1b905b345fc30043d4b",
                "sha256:a4cc164a781859c74de47f17f0e85f4bce8a3321a9d0892c015c8f80c4158ad9"
            ],
            "version": "==18.4.0"
        },
        "txaio": {
            "hashes": [
                "sha256:4797f9f6a9866fe887c96abc0110a226dd5744c894dc3630870542597ad30853",
                "sha256:c25acd6c2ef7005a0cd50fa2b65deac409be2f3886e2fcd04f99fae827b179e4"
            ],
            "version": "==2.10.0"
        },
        "zope.interface": {
            "hashes": [
                "sha256:21506674d30c009271fe68a242d330c83b1b9d76d62d03d87e1e9528c61beea6",
                "sha256:3d184aff0756c44fff7de69eb4cd5b5311b6f452d4de28cb08343b3f21993763",
                "sha256:467d364b24cb398f76ad5e90398d71b9325eb4232be9e8a50d6a3b3c7a1c8789",
                "sha256:57c38470d9f57e37afb460c399eb254e7193ac7fb8042bd09bdc001981a9c74c",
                "sha256:9ada83f4384bbb12dedc152bcdd46a3ac9f5f7720d43ac3ce3e8e8b91d733c10",
                "sha256:a1daf9c5120f3cc6f2b5fef8e1d2a3fb7bbbb20ed4bfdc25bc8364bc62dcf54b",
                "sha256:e6b77ae84f2b8502d99a7855fa33334a1eb6159de45626905cb3e454c023f339",
                "sha256:e881ef610ff48aece2f4ee2af03d2db1a146dc7c705561bd6089b2356f61641f",
                "sha256:f41037260deaacb875db250021fe883bf536bf6414a4fd25b25059b02e31b120"
            ],
            "version": "==4.5.0"
        }
    },
    "develop": {}
}
